// !$*UTF8*$!
{
	archiveVersion = 1;
	classes = {
	};
	objectVersion = 50;
	objects = {

/* Begin PBXBuildFile section */
		A160258E53C8987ABF6FE584 /* Pods_HLImagePositionButton.framework in Frameworks */ = {isa = PBXBuildFile; fileRef = 7CBB7458C04E8D4661B7B0DA /* Pods_HLImagePositionButton.framework */; };
		BAF6FC4622CC7B66004163A0 /* AppDelegate.swift in Sources */ = {isa = PBXBuildFile; fileRef = BAF6FC4522CC7B66004163A0 /* AppDelegate.swift */; };
		BAF6FC4822CC7B66004163A0 /* ViewController.swift in Sources */ = {isa = PBXBuildFile; fileRef = BAF6FC4722CC7B66004163A0 /* ViewController.swift */; };
		BAF6FC4B22CC7B66004163A0 /* Main.storyboard in Resources */ = {isa = PBXBuildFile; fileRef = BAF6FC4922CC7B66004163A0 /* Main.storyboard */; };
		BAF6FC4D22CC7B6E004163A0 /* Assets.xcassets in Resources */ = {isa = PBXBuildFile; fileRef = BAF6FC4C22CC7B6E004163A0 /* Assets.xcassets */; };
		BAF6FC5022CC7B6E004163A0 /* LaunchScreen.storyboard in Resources */ = {isa = PBXBuildFile; fileRef = BAF6FC4E22CC7B6E004163A0 /* LaunchScreen.storyboard */; };
		BAF6FC5822CC7B88004163A0 /* HLImagePositionButton.swift in Sources */ = {isa = PBXBuildFile; fileRef = BAF6FC5722CC7B88004163A0 /* HLImagePositionButton.swift */; };
/* End PBXBuildFile section */

/* Begin PBXFileReference section */
		7CBB7458C04E8D4661B7B0DA /* Pods_HLImagePositionButton.framework */ = {isa = PBXFileReference; explicitFileType = wrapper.framework; includeInIndex = 0; path = Pods_HLImagePositionButton.framework; sourceTree = BUILT_PRODUCTS_DIR; };
		B6E41AA0B7BD04DAB7DA273D /* Pods-HLImagePositionButton.debug.xcconfig */ = {isa = PBXFileReference; includeInIndex = 1; lastKnownFileType = text.xcconfig; name = "Pods-HLImagePositionButton.debug.xcconfig"; path = "Pods/Target Support Files/Pods-HLImagePositionButton/Pods-HLImagePositionButton.debug.xcconfig"; sourceTree = "<group>"; };
		BAF6FC4222CC7B66004163A0 /* HLImagePositionButton.app */ = {isa = PBXFileReference; explicitFileType = wrapper.application; includeInIndex = 0; path = HLImagePositionButton.app; sourceTree = BUILT_PRODUCTS_DIR; };
		BAF6FC4522CC7B66004163A0 /* AppDelegate.swift */ = {isa = PBXFileReference; lastKnownFileType = sourcecode.swift; path = AppDelegate.swift; sourceTree = "<group>"; };
		BAF6FC4722CC7B66004163A0 /* ViewController.swift */ = {isa = PBXFileReference; lastKnownFileType = sourcecode.swift; path = ViewController.swift; sourceTree = "<group>"; };
		BAF6FC4A22CC7B66004163A0 /* Base */ = {isa = PBXFileReference; lastKnownFileType = file.storyboard; name = Base; path = Base.lproj/Main.storyboard; sourceTree = "<group>"; };
		BAF6FC4C22CC7B6E004163A0 /* Assets.xcassets */ = {isa = PBXFileReference; lastKnownFileType = folder.assetcatalog; path = Assets.xcassets; sourceTree = "<group>"; };
		BAF6FC4F22CC7B6E004163A0 /* Base */ = {isa = PBXFileReference; lastKnownFileType = file.storyboard; name = Base; path = Base.lproj/LaunchScreen.storyboard; sourceTree = "<group>"; };
		BAF6FC5122CC7B6E004163A0 /* Info.plist */ = {isa = PBXFileReference; lastKnownFileType = text.plist.xml; path = Info.plist; sourceTree = "<group>"; };
		BAF6FC5722CC7B88004163A0 /* HLImagePositionButton.swift */ = {isa = PBXFileReference; fileEncoding = 4; lastKnownFileType = sourcecode.swift; path = HLImagePositionButton.swift; sourceTree = "<group>"; };
		E5884BF8571065B8ED0318A9 /* Pods-HLImagePositionButton.release.xcconfig */ = {isa = PBXFileReference; includeInIndex = 1; lastKnownFileType = text.xcconfig; name = "Pods-HLImagePositionButton.release.xcconfig"; path = "Pods/Target Support Files/Pods-HLImagePositionButton/Pods-HLImagePositionButton.release.xcconfig"; sourceTree = "<group>"; };
/* End PBXFileReference section */

/* Begin PBXFrameworksBuildPhase section */
		BAF6FC3F22CC7B66004163A0 /* Frameworks */ = {
			isa = PBXFrameworksBuildPhase;
			buildActionMask = 2147483647;
			files = (
				A160258E53C8987ABF6FE584 /* Pods_HLImagePositionButton.framework in Frameworks */,
			);
			runOnlyForDeploymentPostprocessing = 0;
		};
/* End PBXFrameworksBuildPhase section */

/* Begin PBXGroup section */
		23488915B73831A36E443C5D /* Frameworks */ = {
			isa = PBXGroup;
			children = (
				7CBB7458C04E8D4661B7B0DA /* Pods_HLImagePositionButton.framework */,
			);
			name = Frameworks;
			sourceTree = "<group>";
		};
		B65191E8B0749DDAB67F4C72 /* Pods */ = {
			isa = PBXGroup;
			children = (
				B6E41AA0B7BD04DAB7DA273D /* Pods-HLImagePositionButton.debug.xcconfig */,
				E5884BF8571065B8ED0318A9 /* Pods-HLImagePositionButton.release.xcconfig */,
			);
			name = Pods;
			sourceTree = "<group>";
		};
		BAF6FC3922CC7B66004163A0 = {
			isa = PBXGroup;
			children = (
				BAF6FC5922CC8424004163A0 /* Source */,
				BAF6FC4422CC7B66004163A0 /* HLImagePositionButton */,
				BAF6FC4322CC7B66004163A0 /* Products */,
				B65191E8B0749DDAB67F4C72 /* Pods */,
				23488915B73831A36E443C5D /* Frameworks */,
			);
			sourceTree = "<group>";
		};
		BAF6FC4322CC7B66004163A0 /* Products */ = {
			isa = PBXGroup;
			children = (
				BAF6FC4222CC7B66004163A0 /* HLImagePositionButton.app */,
			);
			name = Products;
			sourceTree = "<group>";
		};
		BAF6FC4422CC7B66004163A0 /* HLImagePositionButton */ = {
			isa = PBXGroup;
			children = (
				BAF6FC4522CC7B66004163A0 /* AppDelegate.swift */,
				BAF6FC4722CC7B66004163A0 /* ViewController.swift */,
				BAF6FC4922CC7B66004163A0 /* Main.storyboard */,
				BAF6FC4C22CC7B6E004163A0 /* Assets.xcassets */,
				BAF6FC4E22CC7B6E004163A0 /* LaunchScreen.storyboard */,
				BAF6FC5122CC7B6E004163A0 /* Info.plist */,
			);
			path = HLImagePositionButton;
			sourceTree = "<group>";
		};
		BAF6FC5922CC8424004163A0 /* Source */ = {
			isa = PBXGroup;
			children = (
				BAF6FC5722CC7B88004163A0 /* HLImagePositionButton.swift */,
			);
			path = Source;
			sourceTree = "<group>";
		};
/* End PBXGroup section */

/* Begin PBXNativeTarget section */
		BAF6FC4122CC7B66004163A0 /* HLImagePositionButton */ = {
			isa = PBXNativeTarget;
			buildConfigurationList = BAF6FC5422CC7B6E004163A0 /* Build configuration list for PBXNativeTarget "HLImagePositionButton" */;
			buildPhases = (
				320D367C1F9BD722FCE53D15 /* [CP] Check Pods Manifest.lock */,
				BAF6FC3E22CC7B66004163A0 /* Sources */,
				BAF6FC3F22CC7B66004163A0 /* Frameworks */,
				BAF6FC4022CC7B66004163A0 /* Resources */,
				CD15F5CA1BDCD7660746E7F9 /* [CP] Embed Pods Frameworks */,
				91E3A633DD55529261A407CF /* [CP] Copy Pods Resources */,
			);
			buildRules = (
			);
			dependencies = (
			);
			name = HLImagePositionButton;
			productName = HLImagePositionButton;
			productReference = BAF6FC4222CC7B66004163A0 /* HLImagePositionButton.app */;
			productType = "com.apple.product-type.application";
		};
/* End PBXNativeTarget section */

/* Begin PBXProject section */
		BAF6FC3A22CC7B66004163A0 /* Project object */ = {
			isa = PBXProject;
			attributes = {
				LastSwiftUpdateCheck = 1020;
				LastUpgradeCheck = 1020;
				ORGANIZATIONNAME = lhkzhl;
				TargetAttributes = {
					BAF6FC4122CC7B66004163A0 = {
						CreatedOnToolsVersion = 10.2.1;
					};
				};
			};
			buildConfigurationList = BAF6FC3D22CC7B66004163A0 /* Build configuration list for PBXProject "HLImagePositionButton" */;
			compatibilityVersion = "Xcode 9.3";
			developmentRegion = en;
			hasScannedForEncodings = 0;
			knownRegions = (
				en,
				Base,
			);
			mainGroup = BAF6FC3922CC7B66004163A0;
			productRefGroup = BAF6FC4322CC7B66004163A0 /* Products */;
			projectDirPath = "";
			projectRoot = "";
			targets = (
				BAF6FC4122CC7B66004163A0 /* HLImagePositionButton */,
			);
		};
/* End PBXProject section */

/* Begin PBXResourcesBuildPhase section */
		BAF6FC4022CC7B66004163A0 /* Resources */ = {
			isa = PBXResourcesBuildPhase;
			buildActionMask = 2147483647;
			files = (
				BAF6FC5022CC7B6E004163A0 /* LaunchScreen.storyboard in Resources */,
				BAF6FC4D22CC7B6E004163A0 /* Assets.xcassets in Resources */,
				BAF6FC4B22CC7B66004163A0 /* Main.storyboard in Resources */,
			);
			runOnlyForDeploymentPostprocessing = 0;
		};
/* End PBXResourcesBuildPhase section */

/* Begin PBXShellScriptBuildPhase section */
		320D367C1F9BD722FCE53D15 /* [CP] Check Pods Manifest.lock */ = {
			isa = PBXShellScriptBuildPhase;
			buildActionMask = 2147483647;
			files = (
			);
			inputFileListPaths = (
			);
			inputPaths = (
				"${PODS_PODFILE_DIR_PATH}/Podfile.lock",
				"${PODS_ROOT}/Manifest.lock",
			);
			name = "[CP] Check Pods Manifest.lock";
			outputFileListPaths = (
			);
			outputPaths = (
				"$(DERIVED_FILE_DIR)/Pods-HLImagePositionButton-checkManifestLockResult.txt",
			);
			runOnlyForDeploymentPostprocessing = 0;
			shellPath = /bin/sh;
			shellScript = "diff \"${PODS_PODFILE_DIR_PATH}/Podfile.lock\" \"${PODS_ROOT}/Manifest.lock\" > /dev/null\nif [ $? != 0 ] ; then\n    # print error to STDERR\n    echo \"error: The sandbox is not in sync with the Podfile.lock. Run 'pod install' or update your CocoaPods installation.\" >&2\n    exit 1\nfi\n# This output is used by Xcode 'outputs' to avoid re-running this script phase.\necho \"SUCCESS\" > \"${SCRIPT_OUTPUT_FILE_0}\"\n";
			showEnvVarsInLog = 0;
		};
		91E3A633DD55529261A407CF /* [CP] Copy Pods Resources */ = {
			isa = PBXShellScriptBuildPhase;
			buildActionMask = 2147483647;
			files = (
			);
			inputFileListPaths = (
			);
			inputPaths = (
			);
			name = "[CP] Copy Pods Resources";
			outputFileListPaths = (
			);
			outputPaths = (
			);
			runOnlyForDeploymentPostprocessing = 0;
			shellPath = /bin/sh;
			shellScript = "\"${SRCROOT}/Pods/Target Support Files/Pods-HLImagePositionButton/Pods-HLImagePositionButton-resources.sh\"\n";
			showEnvVarsInLog = 0;
		};
		CD15F5CA1BDCD7660746E7F9 /* [CP] Embed Pods Frameworks */ = {
			isa = PBXShellScriptBuildPhase;
			buildActionMask = 2147483647;
			files = (
			);
			inputFileListPaths = (
			);
			inputPaths = (
				"${SRCROOT}/Pods/Target Support Files/Pods-HLImagePositionButton/Pods-HLImagePositionButton-frameworks.sh",
				"${BUILT_PRODUCTS_DIR}/SnapKit/SnapKit.framework",
			);
			name = "[CP] Embed Pods Frameworks";
			outputFileListPaths = (
			);
			outputPaths = (
				"${TARGET_BUILD_DIR}/${FRAMEWORKS_FOLDER_PATH}/SnapKit.framework",
			);
			runOnlyForDeploymentPostprocessing = 0;
			shellPath = /bin/sh;
			shellScript = "\"${SRCROOT}/Pods/Target Support Files/Pods-HLImagePositionButton/Pods-HLImagePositionButton-frameworks.sh\"\n";
			showEnvVarsInLog = 0;
		};
/* End PBXShellScriptBuildPhase section */

/* Begin PBXSourcesBuildPhase section */
		BAF6FC3E22CC7B66004163A0 /* Sources */ = {
			isa = PBXSourcesBuildPhase;
			buildActionMask = 2147483647;
			files = (
				BAF6FC5822CC7B88004163A0 /* HLImagePositionButton.swift in Sources */,
				BAF6FC4822CC7B66004163A0 /* ViewController.swift in Sources */,
				BAF6FC4622CC7B66004163A0 /* AppDelegate.swift in Sources */,
			);
			runOnlyForDeploymentPostprocessing = 0;
		};
/* End PBXSourcesBuildPhase section */

/* Begin PBXVariantGroup section */
		BAF6FC4922CC7B66004163A0 /* Main.storyboard */ = {
			isa = PBXVariantGroup;
			children = (
				BAF6FC4A22CC7B66004163A0 /* Base */,
			);
			name = Main.storyboard;
			sourceTree = "<group>";
		};
		BAF6FC4E22CC7B6E004163A0 /* LaunchScreen.storyboard */ = {
			isa = PBXVariantGroup;
			children = (
				BAF6FC4F22CC7B6E004163A0 /* Base */,
			);
			name = LaunchScreen.storyboard;
			sourceTree = "<group>";
		};
/* End PBXVariantGroup section */

/* Begin XCBuildConfiguration section */
		BAF6FC5222CC7B6E004163A0 /* Debug */ = {
			isa = XCBuildConfiguration;
			buildSettings = {
				ALWAYS_SEARCH_USER_PATHS = NO;
				CLANG_ANALYZER_NONNULL = YES;
				CLANG_ANALYZER_NUMBER_OBJECT_CONVERSION = YES_AGGRESSIVE;
				CLANG_CXX_LANGUAGE_STANDARD = "gnu++14";
				CLANG_CXX_LIBRARY = "libc++";
				CLANG_ENABLE_MODULES = YES;
				CLANG_ENABLE_OBJC_ARC = YES;
				CLANG_ENABLE_OBJC_WEAK = YES;
				CLANG_WARN_BLOCK_CAPTURE_AUTORELEASING = YES;
				CLANG_WARN_BOOL_CONVERSION = YES;
				CLANG_WARN_COMMA = YES;
				CLANG_WARN_CONSTANT_CONVERSION = YES;
				CLANG_WARN_DEPRECATED_OBJC_IMPLEMENTATIONS = YES;
				CLANG_WARN_DIRECT_OBJC_ISA_USAGE = YES_ERROR;
				CLANG_WARN_DOCUMENTATION_COMMENTS = YES;
				CLANG_WARN_EMPTY_BODY = YES;
				CLANG_WARN_ENUM_CONVERSION = YES;
				CLANG_WARN_INFINITE_RECURSION = YES;
				CLANG_WARN_INT_CONVERSION = YES;
				CLANG_WARN_NON_LITERAL_NULL_CONVERSION = YES;
				CLANG_WARN_OBJC_IMPLICIT_RETAIN_SELF = YES;
				CLANG_WARN_OBJC_LITERAL_CONVERSION = YES;
				CLANG_WARN_OBJC_ROOT_CLASS = YES_ERROR;
				CLANG_WARN_RANGE_LOOP_ANALYSIS = YES;
				CLANG_WARN_STRICT_PROTOTYPES = YES;
				CLANG_WARN_SUSPICIOUS_MOVE = YES;
				CLANG_WARN_UNGUARDED_AVAILABILITY = YES_AGGRESSIVE;
				CLANG_WARN_UNREACHABLE_CODE = YES;
				CLANG_WARN__DUPLICATE_METHOD_MATCH = YES;
				CODE_SIGN_IDENTITY = "iPhone Developer";
				COPY_PHASE_STRIP = NO;
				DEBUG_INFORMATION_FORMAT = dwarf;
				ENABLE_STRICT_OBJC_MSGSEND = YES;
				ENABLE_TESTABILITY = YES;
				GCC_C_LANGUAGE_STANDARD = gnu11;
				GCC_DYNAMIC_NO_PIC = NO;
				GCC_NO_COMMON_BLOCKS = YES;
				GCC_OPTIMIZATION_LEVEL = 0;
				GCC_PREPROCESSOR_DEFINITIONS = (
					"DEBUG=1",
					"$(inherited)",
				);
				GCC_WARN_64_TO_32_BIT_CONVERSION = YES;
				GCC_WARN_ABOUT_RETURN_TYPE = YES_ERROR;
				GCC_WARN_UNDECLARED_SELECTOR = YES;
				GCC_WARN_UNINITIALIZED_AUTOS = YES_AGGRESSIVE;
				GCC_WARN_UNUSED_FUNCTION = YES;
				GCC_WARN_UNUSED_VARIABLE = YES;
				IPHONEOS_DEPLOYMENT_TARGET = 12.2;
				MTL_ENABLE_DEBUG_INFO = INCLUDE_SOURCE;
				MTL_FAST_MATH = YES;
				ONLY_ACTIVE_ARCH = YES;
				SDKROOT = iphoneos;
				SWIFT_ACTIVE_COMPILATION_CONDITIONS = DEBUG;
				SWIFT_OPTIMIZATION_LEVEL = "-Onone";
			};
			name = Debug;
		};
		BAF6FC5322CC7B6E004163A0 /* Release */ = {
			isa = XCBuildConfiguration;
			buildSettings = {
				ALWAYS_SEARCH_USER_PATHS = NO;
				CLANG_ANALYZER_NONNULL = YES;
				CLANG_ANALYZER_NUMBER_OBJECT_CONVERSION = YES_AGGRESSIVE;
				CLANG_CXX_LANGUAGE_STANDARD = "gnu++14";
				CLANG_CXX_LIBRARY = "libc++";
				CLANG_ENABLE_MODULES = YES;
				CLANG_ENABLE_OBJC_ARC = YES;
				CLANG_ENABLE_OBJC_WEAK = YES;
				CLANG_WARN_BLOCK_CAPTURE_AUTORELEASING = YES;
				CLANG_WARN_BOOL_CONVERSION = YES;
				CLANG_WARN_COMMA = YES;
				CLANG_WARN_CONSTANT_CONVERSION = YES;
				CLANG_WARN_DEPRECATED_OBJC_IMPLEMENTATIONS = YES;
				CLANG_WARN_DIRECT_OBJC_ISA_USAGE = YES_ERROR;
				CLANG_WARN_DOCUMENTATION_COMMENTS = YES;
				CLANG_WARN_EMPTY_BODY = YES;
				CLANG_WARN_ENUM_CONVERSION = YES;
				CLANG_WARN_INFINITE_RECURSION = YES;
				CLANG_WARN_INT_CONVERSION = YES;
				CLANG_WARN_NON_LITERAL_NULL_CONVERSION = YES;
				CLANG_WARN_OBJC_IMPLICIT_RETAIN_SELF = YES;
				CLANG_WARN_OBJC_LITERAL_CONVERSION = YES;
				CLANG_WARN_OBJC_ROOT_CLASS = YES_ERROR;
				CLANG_WARN_RANGE_LOOP_ANALYSIS = YES;
				CLANG_WARN_STRICT_PROTOTYPES = YES;
				CLANG_WARN_SUSPICIOUS_MOVE = YES;
				CLANG_WARN_UNGUARDED_AVAILABILITY = YES_AGGRESSIVE;
				CLANG_WARN_UNREACHABLE_CODE = YES;
				CLANG_WARN__DUPLICATE_METHOD_MATCH = YES;
				CODE_SIGN_IDENTITY = "iPhone Developer";
				COPY_PHASE_STRIP = NO;
				DEBUG_INFORMATION_FORMAT = "dwarf-with-dsym";
				ENABLE_NS_ASSERTIONS = NO;
				ENABLE_STRICT_OBJC_MSGSEND = YES;
				GCC_C_LANGUAGE_STANDARD = gnu11;
				GCC_NO_COMMON_BLOCKS = YES;
				GCC_WARN_64_TO_32_BIT_CONVERSION = YES;
				GCC_WARN_ABOUT_RETURN_TYPE = YES_ERROR;
				GCC_WARN_UNDECLARED_SELECTOR = YES;
				GCC_WARN_UNINITIALIZED_AUTOS = YES_AGGRESSIVE;
				GCC_WARN_UNUSED_FUNCTION = YES;
				GCC_WARN_UNUSED_VARIABLE = YES;
				IPHONEOS_DEPLOYMENT_TARGET = 12.2;
				MTL_ENABLE_DEBUG_INFO = NO;
				MTL_FAST_MATH = YES;
				SDKROOT = iphoneos;
				SWIFT_COMPILATION_MODE = wholemodule;
				SWIFT_OPTIMIZATION_LEVEL = "-O";
				VALIDATE_PRODUCT = YES;
			};
			name = Release;
		};
		BAF6FC5522CC7B6E004163A0 /* Debug */ = {
			isa = XCBuildConfiguration;
			baseConfigurationReference = B6E41AA0B7BD04DAB7DA273D /* Pods-HLImagePositionButton.debug.xcconfig */;
			buildSettings = {
				ASSETCATALOG_COMPILER_APPICON_NAME = AppIcon;
				CODE_SIGN_STYLE = Automatic;
				DEVELOPMENT_TEAM = 3EQU965GX4;
				INFOPLIST_FILE = HLImagePositionButton/Info.plist;
				IPHONEOS_DEPLOYMENT_TARGET = 9.0;
				LD_RUNPATH_SEARCH_PATHS = (
					"$(inherited)",
					"@executable_path/Frameworks",
				);
				PRODUCT_BUNDLE_IDENTIFIER = com.xueguoxue.HLImagePositionButton;
				PRODUCT_NAME = "$(TARGET_NAME)";
				SWIFT_VERSION = 5.0;
				TARGETED_DEVICE_FAMILY = "1,2";
			};
			name = Debug;
		};
		BAF6FC5622CC7B6E004163A0 /* Release */ = {
			isa = XCBuildConfiguration;
			baseConfigurationReference = E5884BF8571065B8ED0318A9 /* Pods-HLImagePositionButton.release.xcconfig */;
			buildSettings = {
				ASSETCATALOG_COMPILER_APPICON_NAME = AppIcon;
				CODE_SIGN_STYLE = Automatic;
				DEVELOPMENT_TEAM = 3EQU965GX4;
				INFOPLIST_FILE = HLImagePositionButton/Info.plist;
				IPHONEOS_DEPLOYMENT_TARGET = 9.0;
				LD_RUNPATH_SEARCH_PATHS = (
					"$(inherited)",
					"@executable_path/Frameworks",
				);
				PRODUCT_BUNDLE_IDENTIFIER = com.xueguoxue.HLImagePositionButton;
				PRODUCT_NAME = "$(TARGET_NAME)";
				SWIFT_VERSION = 5.0;
				TARGETED_DEVICE_FAMILY = "1,2";
			};
			name = Release;
		};
/* End XCBuildConfiguration section */

/* Begin XCConfigurationList section */
		BAF6FC3D22CC7B66004163A0 /* Build configuration list for PBXProject "HLImagePositionButton" */ = {
			isa = XCConfigurationList;
			buildConfigurations = (
				BAF6FC5222CC7B6E004163A0 /* Debug */,
				BAF6FC5322CC7B6E004163A0 /* Release */,
			);
			defaultConfigurationIsVisible = 0;
			defaultConfigurationName = Release;
		};
		BAF6FC5422CC7B6E004163A0 /* Build configuration list for PBXNativeTarget "HLImagePositionButton" */ = {
			isa = XCConfigurationList;
			buildConfigurations = (
				BAF6FC5522CC7B6E004163A0 /* Debug */,
				BAF6FC5622CC7B6E004163A0 /* Release */,
			);
			defaultConfigurationIsVisible = 0;
			defaultConfigurationName = Release;
		};
/* End XCConfigurationList section */
	};
	rootObject = BAF6FC3A22CC7B66004163A0 /* Project object */;
}
